
Microsoft Visual Studio Solution File, Format Version 12.00
# Visual Studio Version 16
VisualStudioVersion = 16.0.30128.74
MinimumVisualStudioVersion = 10.0.40219.1
Project("{FAE04EC0-301F-11D3-BF4B-00C04F79EFBC}") = "Task1", "Task1\Task1.csproj", "{3CDFF787-B2EE-48AE-8A03-30FBF43C1A3D}"
EndProject
Project("{FAE04EC0-301F-11D3-BF4B-00C04F79EFBC}") = "Task2", "Task2\Task2.csproj", "{4A0685B2-17BC-4F7A-AE52-2752DF97D33A}"
EndProject
Project("{FAE04EC0-301F-11D3-BF4B-00C04F79EFBC}") = "Task3", "Task3\Task3.csproj", "{72209311-4A7D-45D2-AC74-A6135F9E3614}"
EndProject
Project("{FAE04EC0-301F-11D3-BF4B-00C04F79EFBC}") = "Task4_ConfigFile", "Task4_ConfigFile\Task4_ConfigFile.csproj", "{53773C4E-01EE-4AC5-AB46-8FA7C82F1675}"
EndProject
Project("{FAE04EC0-301F-11D3-BF4B-00C04F79EFBC}") = "Task4_Registry", "Task4_Registry\Task4_Registry.csproj", "{8D191017-0BB9-44E2-B4B6-B7DFB8694BDE}"
EndProject
Global
	GlobalSection(SolutionConfigurationPlatforms) = preSolution
		Debug|Any CPU = Debug|Any CPU
		Release|Any CPU = Release|Any CPU
	EndGlobalSection
	GlobalSection(ProjectConfigurationPlatforms) = postSolution
		{3CDFF787-B2EE-48AE-8A03-30FBF43C1A3D}.Debug|Any CPU.ActiveCfg = Debug|Any CPU
		{3CDFF787-B2EE-48AE-8A03-30FBF43C1A3D}.Debug|Any CPU.Build.0 = Debug|Any CPU
		{3CDFF787-B2EE-48AE-8A03-30FBF43C1A3D}.Release|Any CPU.ActiveCfg = Release|Any CPU
		{3CDFF787-B2EE-48AE-8A03-30FBF43C1A3D}.Release|Any CPU.Build.0 = Release|Any CPU
		{4A0685B2-17BC-4F7A-AE52-2752DF97D33A}.Debug|Any CPU.ActiveCfg = Debug|Any CPU
		{4A0685B2-17BC-4F7A-AE52-2752DF97D33A}.Debug|Any CPU.Build.0 = Debug|Any CPU
		{4A0685B2-17BC-4F7A-AE52-2752DF97D33A}.Release|Any CPU.ActiveCfg = Release|Any CPU
		{4A0685B2-17BC-4F7A-AE52-2752DF97D33A}.Release|Any CPU.Build.0 = Release|Any CPU
		{72209311-4A7D-45D2-AC74-A6135F9E3614}.Debug|Any CPU.ActiveCfg = Debug|Any CPU
		{72209311-4A7D-45D2-AC74-A6135F9E3614}.Debug|Any CPU.Build.0 = Debug|Any CPU
		{72209311-4A7D-45D2-AC74-A6135F9E3614}.Release|Any CPU.ActiveCfg = Release|Any CPU
		{72209311-4A7D-45D2-AC74-A6135F9E3614}.Release|Any CPU.Build.0 = Release|Any CPU
		{53773C4E-01EE-4AC5-AB46-8FA7C82F1675}.Debug|Any CPU.ActiveCfg = Debug|Any CPU
		{53773C4E-01EE-4AC5-AB46-8FA7C82F1675}.Debug|Any CPU.Build.0 = Debug|Any CPU
		{53773C4E-01EE-4AC5-AB46-8FA7C82F1675}.Release|Any CPU.ActiveCfg = Release|Any CPU
		{53773C4E-01EE-4AC5-AB46-8FA7C82F1675}.Release|Any CPU.Build.0 = Release|Any CPU
		{8D191017-0BB9-44E2-B4B6-B7DFB8694BDE}.Debug|Any CPU.ActiveCfg = Debug|Any CPU
		{8D191017-0BB9-44E2-B4B6-B7DFB8694BDE}.Debug|Any CPU.Build.0 = Debug|Any CPU
		{8D191017-0BB9-44E2-B4B6-B7DFB8694BDE}.Release|Any CPU.ActiveCfg = Release|Any CPU
		{8D191017-0BB9-44E2-B4B6-B7DFB8694BDE}.Release|Any CPU.Build.0 = Release|Any CPU
	EndGlobalSection
	GlobalSection(SolutionProperties) = preSolution
		HideSolutionNode = FALSE
	EndGlobalSection
	GlobalSection(ExtensibilityGlobals) = postSolution
		SolutionGuid = {FD001E58-7B62-4C0E-90F8-16F72CC4FEFA}
	EndGlobalSection
EndGlobal
