
Microsoft Visual Studio Solution File, Format Version 12.00
# Visual Studio Version 16
VisualStudioVersion = 16.0.30128.74
MinimumVisualStudioVersion = 10.0.40219.1
Project("{FAE04EC0-301F-11D3-BF4B-00C04F79EFBC}") = "GraduationWork", "GraduationWork\GraduationWork.csproj", "{EA6FA305-FB00-4283-8C6F-9D51AFC007C3}"
EndProject
Global
	GlobalSection(SolutionConfigurationPlatforms) = preSolution
		Debug|Any CPU = Debug|Any CPU
		Release|Any CPU = Release|Any CPU
	EndGlobalSection
	GlobalSection(ProjectConfigurationPlatforms) = postSolution
		{EA6FA305-FB00-4283-8C6F-9D51AFC007C3}.Debug|Any CPU.ActiveCfg = Debug|Any CPU
		{EA6FA305-FB00-4283-8C6F-9D51AFC007C3}.Debug|Any CPU.Build.0 = Debug|Any CPU
		{EA6FA305-FB00-4283-8C6F-9D51AFC007C3}.Release|Any CPU.ActiveCfg = Release|Any CPU
		{EA6FA305-FB00-4283-8C6F-9D51AFC007C3}.Release|Any CPU.Build.0 = Release|Any CPU
	EndGlobalSection
	GlobalSection(SolutionProperties) = preSolution
		HideSolutionNode = FALSE
	EndGlobalSection
	GlobalSection(ExtensibilityGlobals) = postSolution
		SolutionGuid = {4A6414AD-3E4C-4FB1-AB59-FAAFDC019B1A}
	EndGlobalSection
EndGlobal
