
Microsoft Visual Studio Solution File, Format Version 12.00
# Visual Studio Version 16
VisualStudioVersion = 16.0.30128.74
MinimumVisualStudioVersion = 10.0.40219.1
Project("{FAE04EC0-301F-11D3-BF4B-00C04F79EFBC}") = "Task1", "Task1\Task1.csproj", "{087296EB-4551-4A46-95D8-83526D813478}"
EndProject
Project("{FAE04EC0-301F-11D3-BF4B-00C04F79EFBC}") = "Task2", "Task2\Task2.csproj", "{789A0013-92CA-48FD-8119-CC6F197DF635}"
EndProject
Project("{FAE04EC0-301F-11D3-BF4B-00C04F79EFBC}") = "Task3", "Task3\Task3.csproj", "{5D135310-24ED-480F-9E5A-A1BAF125D512}"
EndProject
Project("{FAE04EC0-301F-11D3-BF4B-00C04F79EFBC}") = "Task4", "Task4\Task4.csproj", "{AF9113A0-EA61-4222-82DE-99ED190A10A9}"
EndProject
Project("{FAE04EC0-301F-11D3-BF4B-00C04F79EFBC}") = "Task5", "Task5\Task5.csproj", "{F3DB80C4-40AA-4E25-A0EF-4D8068CF1EE1}"
EndProject
Global
	GlobalSection(SolutionConfigurationPlatforms) = preSolution
		Debug|Any CPU = Debug|Any CPU
		Release|Any CPU = Release|Any CPU
	EndGlobalSection
	GlobalSection(ProjectConfigurationPlatforms) = postSolution
		{087296EB-4551-4A46-95D8-83526D813478}.Debug|Any CPU.ActiveCfg = Debug|Any CPU
		{087296EB-4551-4A46-95D8-83526D813478}.Debug|Any CPU.Build.0 = Debug|Any CPU
		{087296EB-4551-4A46-95D8-83526D813478}.Release|Any CPU.ActiveCfg = Release|Any CPU
		{087296EB-4551-4A46-95D8-83526D813478}.Release|Any CPU.Build.0 = Release|Any CPU
		{789A0013-92CA-48FD-8119-CC6F197DF635}.Debug|Any CPU.ActiveCfg = Debug|Any CPU
		{789A0013-92CA-48FD-8119-CC6F197DF635}.Debug|Any CPU.Build.0 = Debug|Any CPU
		{789A0013-92CA-48FD-8119-CC6F197DF635}.Release|Any CPU.ActiveCfg = Release|Any CPU
		{789A0013-92CA-48FD-8119-CC6F197DF635}.Release|Any CPU.Build.0 = Release|Any CPU
		{5D135310-24ED-480F-9E5A-A1BAF125D512}.Debug|Any CPU.ActiveCfg = Debug|Any CPU
		{5D135310-24ED-480F-9E5A-A1BAF125D512}.Debug|Any CPU.Build.0 = Debug|Any CPU
		{5D135310-24ED-480F-9E5A-A1BAF125D512}.Release|Any CPU.ActiveCfg = Release|Any CPU
		{5D135310-24ED-480F-9E5A-A1BAF125D512}.Release|Any CPU.Build.0 = Release|Any CPU
		{AF9113A0-EA61-4222-82DE-99ED190A10A9}.Debug|Any CPU.ActiveCfg = Debug|Any CPU
		{AF9113A0-EA61-4222-82DE-99ED190A10A9}.Debug|Any CPU.Build.0 = Debug|Any CPU
		{AF9113A0-EA61-4222-82DE-99ED190A10A9}.Release|Any CPU.ActiveCfg = Release|Any CPU
		{AF9113A0-EA61-4222-82DE-99ED190A10A9}.Release|Any CPU.Build.0 = Release|Any CPU
		{F3DB80C4-40AA-4E25-A0EF-4D8068CF1EE1}.Debug|Any CPU.ActiveCfg = Debug|Any CPU
		{F3DB80C4-40AA-4E25-A0EF-4D8068CF1EE1}.Debug|Any CPU.Build.0 = Debug|Any CPU
		{F3DB80C4-40AA-4E25-A0EF-4D8068CF1EE1}.Release|Any CPU.ActiveCfg = Release|Any CPU
		{F3DB80C4-40AA-4E25-A0EF-4D8068CF1EE1}.Release|Any CPU.Build.0 = Release|Any CPU
	EndGlobalSection
	GlobalSection(SolutionProperties) = preSolution
		HideSolutionNode = FALSE
	EndGlobalSection
	GlobalSection(ExtensibilityGlobals) = postSolution
		SolutionGuid = {6E496533-E938-49CF-957A-BC8824363EAB}
	EndGlobalSection
EndGlobal
