
Microsoft Visual Studio Solution File, Format Version 12.00
# Visual Studio Version 16
VisualStudioVersion = 16.0.30128.74
MinimumVisualStudioVersion = 10.0.40219.1
Project("{FAE04EC0-301F-11D3-BF4B-00C04F79EFBC}") = "Task1", "Task1\Task1.csproj", "{5506A160-0615-4FEA-B161-F0689680C508}"
EndProject
Project("{FAE04EC0-301F-11D3-BF4B-00C04F79EFBC}") = "Task2", "Task2\Task2.csproj", "{B88160D9-1DA3-4661-B602-E8D9DA691326}"
EndProject
Global
	GlobalSection(SolutionConfigurationPlatforms) = preSolution
		Debug|Any CPU = Debug|Any CPU
		Release|Any CPU = Release|Any CPU
	EndGlobalSection
	GlobalSection(ProjectConfigurationPlatforms) = postSolution
		{5506A160-0615-4FEA-B161-F0689680C508}.Debug|Any CPU.ActiveCfg = Debug|Any CPU
		{5506A160-0615-4FEA-B161-F0689680C508}.Debug|Any CPU.Build.0 = Debug|Any CPU
		{5506A160-0615-4FEA-B161-F0689680C508}.Release|Any CPU.ActiveCfg = Release|Any CPU
		{5506A160-0615-4FEA-B161-F0689680C508}.Release|Any CPU.Build.0 = Release|Any CPU
		{B88160D9-1DA3-4661-B602-E8D9DA691326}.Debug|Any CPU.ActiveCfg = Debug|Any CPU
		{B88160D9-1DA3-4661-B602-E8D9DA691326}.Debug|Any CPU.Build.0 = Debug|Any CPU
		{B88160D9-1DA3-4661-B602-E8D9DA691326}.Release|Any CPU.ActiveCfg = Release|Any CPU
		{B88160D9-1DA3-4661-B602-E8D9DA691326}.Release|Any CPU.Build.0 = Release|Any CPU
	EndGlobalSection
	GlobalSection(SolutionProperties) = preSolution
		HideSolutionNode = FALSE
	EndGlobalSection
	GlobalSection(ExtensibilityGlobals) = postSolution
		SolutionGuid = {75220618-8653-46E1-9264-7A539E703FC6}
	EndGlobalSection
EndGlobal
