
Microsoft Visual Studio Solution File, Format Version 12.00
# Visual Studio Version 16
VisualStudioVersion = 16.0.30128.74
MinimumVisualStudioVersion = 10.0.40219.1
Project("{FAE04EC0-301F-11D3-BF4B-00C04F79EFBC}") = "Task1", "Task1\Task1.csproj", "{390FD8B2-83C4-47A5-A38F-720BA4571445}"
EndProject
Project("{FAE04EC0-301F-11D3-BF4B-00C04F79EFBC}") = "Task2", "Task2\Task2.csproj", "{73900919-F885-4938-AB7F-A15C2C5A9575}"
EndProject
Global
	GlobalSection(SolutionConfigurationPlatforms) = preSolution
		Debug|Any CPU = Debug|Any CPU
		Release|Any CPU = Release|Any CPU
	EndGlobalSection
	GlobalSection(ProjectConfigurationPlatforms) = postSolution
		{390FD8B2-83C4-47A5-A38F-720BA4571445}.Debug|Any CPU.ActiveCfg = Debug|Any CPU
		{390FD8B2-83C4-47A5-A38F-720BA4571445}.Debug|Any CPU.Build.0 = Debug|Any CPU
		{390FD8B2-83C4-47A5-A38F-720BA4571445}.Release|Any CPU.ActiveCfg = Release|Any CPU
		{390FD8B2-83C4-47A5-A38F-720BA4571445}.Release|Any CPU.Build.0 = Release|Any CPU
		{73900919-F885-4938-AB7F-A15C2C5A9575}.Debug|Any CPU.ActiveCfg = Debug|Any CPU
		{73900919-F885-4938-AB7F-A15C2C5A9575}.Debug|Any CPU.Build.0 = Debug|Any CPU
		{73900919-F885-4938-AB7F-A15C2C5A9575}.Release|Any CPU.ActiveCfg = Release|Any CPU
		{73900919-F885-4938-AB7F-A15C2C5A9575}.Release|Any CPU.Build.0 = Release|Any CPU
	EndGlobalSection
	GlobalSection(SolutionProperties) = preSolution
		HideSolutionNode = FALSE
	EndGlobalSection
	GlobalSection(ExtensibilityGlobals) = postSolution
		SolutionGuid = {B87B0FBA-D99A-462A-8D53-246873EFA04A}
	EndGlobalSection
EndGlobal
